version = 1
requires-python = ">=3.9"

[[package]]
name = "asgiref"
version = "3.8.1"
source = { registry = "https://pypi.org/simple" }
dependencies = [
    { name = "typing-extensions", marker = "python_full_version < '3.11'" },
]
sdist = { url = "https://files.pythonhosted.org/packages/29/38/b3395cc9ad1b56d2ddac9970bc8f4141312dbaec28bc7c218b0dfafd0f42/asgiref-3.8.1.tar.gz", hash = "sha256:c343bd80a0bec947a9860adb4c432ffa7db769836c64238fc34bdc3fec84d590", size = 35186 }
wheels = [
    { url = "https://files.pythonhosted.org/packages/39/e3/893e8757be2612e6c266d9bb58ad2e3651524b5b40cf56761e985a28b13e/asgiref-3.8.1-py3-none-any.whl", hash = "sha256:3e1e3ecc849832fe52ccf2cb6686b7a55f82bb1d6aee72a58826471390335e47", size = 23828 },
]

[[package]]
name = "django"
version = "4.2.16"
source = { registry = "https://pypi.org/simple" }
dependencies = [
    { name = "asgiref" },
    { name = "sqlparse" },
    { name = "tzdata", marker = "sys_platform == 'win32'" },
]
sdist = { url = "https://files.pythonhosted.org/packages/65/d8/a607ee443b54a4db4ad28902328b906ae6218aa556fb9b3ac45c0bcb313d/Django-4.2.16.tar.gz", hash = "sha256:6f1616c2786c408ce86ab7e10f792b8f15742f7b7b7460243929cb371e7f1dad", size = 10436023 }
wheels = [
    { url = "https://files.pythonhosted.org/packages/94/2c/6b6c7e493d5ea789416918658ebfa16be7a64c77610307497ed09a93c8c4/Django-4.2.16-py3-none-any.whl", hash = "sha256:1ddc333a16fc139fd253035a1606bb24261951bbc3a6ca256717fa06cc41a898", size = 7992936 },
]

[[package]]
name = "django-appconf"
version = "1.0.6"
source = { registry = "https://pypi.org/simple" }
dependencies = [
    { name = "django" },
]
sdist = { url = "https://files.pythonhosted.org/packages/65/e0/704b6453f21fac22f0ab128150e9782b7d38bc1ed09710ac2197ddc1751f/django-appconf-1.0.6.tar.gz", hash = "sha256:cfe87ea827c4ee04b9a70fab90b86d704cb02f2981f89da8423cb0fabf88efbf", size = 15895 }
wheels = [
    { url = "https://files.pythonhosted.org/packages/c0/98/1cb3d9e8b1c6d0a74539b998474796fc5c0c0888b6201e5c95ba2f7a0677/django_appconf-1.0.6-py3-none-any.whl", hash = "sha256:c3ae442fba1ff7ec830412c5184b17169a7a1e71cf0864a4c3f93cf4c98a1993", size = 6424 },
]

[[package]]
name = "django-compressor"
version = "4.5.1"
source = { registry = "https://pypi.org/simple" }
dependencies = [
    { name = "django" },
    { name = "django-appconf" },
    { name = "rcssmin" },
    { name = "rjsmin" },
]
sdist = { url = "https://files.pythonhosted.org/packages/15/30/a9994277ae05082ba5df22c5678a87082253a034927c8d9915c3bf3b8c36/django_compressor-4.5.1.tar.gz", hash = "sha256:c1d8a48a2ee4d8b7f23c411eb9c97e2d88db18a18ba1c9e8178d5f5b8366a822", size = 124734 }
wheels = [
    { url = "https://files.pythonhosted.org/packages/00/d9/ac374a1f7a432230cdf4d2ffbe957fd0d4d5d6426bf4d5c17f382b0801c4/django_compressor-4.5.1-py2.py3-none-any.whl", hash = "sha256:87741edee4e7f24f3e0b8072d94a990cfb010cb2ca7cc443944da8e193cdea65", size = 145465 },
]

[[package]]
name = "django-libsass"
version = "0.9"
source = { registry = "https://pypi.org/simple" }
dependencies = [
    { name = "django-compressor" },
    { name = "libsass" },
]
sdist = { url = "https://files.pythonhosted.org/packages/d2/6c/fe7c95536eed569960daf139726c8f83eaf8c4ae01d908c22d94d60f31c2/django-libsass-0.9.tar.gz", hash = "sha256:bfbbb55a8950bb40fa04dd416605f92da34ad1f303b10a41abc3232386ec27b5", size = 6754 }
wheels = [
    { url = "https://files.pythonhosted.org/packages/1b/ee/65935acc5a36c418fa17d5190a4aeb339cfdf98b6a93ca1c59134cf1e6aa/django_libsass-0.9-py3-none-any.whl", hash = "sha256:5234d29100889cac79e36a0f44207ec6d275adfd2da1acb6a94b55c89fe2bd97", size = 6572 },
]

[[package]]
name = "django-multiselectfield"
version = "0.1.13"
source = { registry = "https://pypi.org/simple" }
dependencies = [
    { name = "django" },
]
sdist = { url = "https://files.pythonhosted.org/packages/dd/c3/1a326cc669fea63f22e63f6e2b2b014534a15966506e8d7fa3c232aced42/django_multiselectfield-0.1.13.tar.gz", hash = "sha256:437d72632f4c0ca416951917632529c3d1d42b62bb6c3c03e3396fa50265be94", size = 11704 }
wheels = [
    { url = "https://files.pythonhosted.org/packages/be/9e/3ed6f072f1e806516dbc8c95e4ecae7b87af6757eb5d428857ea0a097e76/django_multiselectfield-0.1.13-py3-none-any.whl", hash = "sha256:f146ef568c823a409f4021b98781666ec2debabfceca9176116d749dc39cb8b3", size = 14804 },
]

[[package]]
name = "importlib-metadata"
version = "8.5.0"
source = { registry = "https://pypi.org/simple" }
dependencies = [
    { name = "zipp" },
]
sdist = { url = "https://files.pythonhosted.org/packages/cd/12/33e59336dca5be0c398a7482335911a33aa0e20776128f038019f1a95f1b/importlib_metadata-8.5.0.tar.gz", hash = "sha256:71522656f0abace1d072b9e5481a48f07c138e00f079c38c8f883823f9c26bd7", size = 55304 }
wheels = [
    { url = "https://files.pythonhosted.org/packages/a0/d9/a1e041c5e7caa9a05c925f4bdbdfb7f006d1f74996af53467bc394c97be7/importlib_metadata-8.5.0-py3-none-any.whl", hash = "sha256:45e54197d28b7a7f1559e60b95e7c567032b602131fbd588f1497f47880aa68b", size = 26514 },
]

[[package]]
name = "libsass"
version = "0.23.0"
source = { registry = "https://pypi.org/simple" }
sdist = { url = "https://files.pythonhosted.org/packages/79/b4/ab091585eaa77299558e3289ca206846aefc123fb320b5656ab2542c20ad/libsass-0.23.0.tar.gz", hash = "sha256:6f209955ede26684e76912caf329f4ccb57e4a043fd77fe0e7348dd9574f1880", size = 316068 }
wheels = [
    { url = "https://files.pythonhosted.org/packages/e5/13/fc1bea1de880ca935137183727c7d4dd921c4128fc08b8ddc3698ba5a8a3/libsass-0.23.0-cp38-abi3-macosx_11_0_x86_64.whl", hash = "sha256:34cae047cbbfc4ffa832a61cbb110f3c95f5471c6170c842d3fed161e40814dc", size = 1086783 },
    { url = "https://files.pythonhosted.org/packages/55/2f/6af938651ff3aec0a0b00742209df1172bc297fa73531f292801693b7315/libsass-0.23.0-cp38-abi3-macosx_14_0_arm64.whl", hash = "sha256:ea97d1b45cdc2fc3590cb9d7b60f1d8915d3ce17a98c1f2d4dd47ee0d9c68ce6", size = 982759 },
    { url = "https://files.pythonhosted.org/packages/fd/5a/eb5b62641df0459a3291fc206cf5bd669c0feed7814dded8edef4ade8512/libsass-0.23.0-cp38-abi3-manylinux_2_5_x86_64.manylinux1_x86_64.whl", hash = "sha256:4a218406d605f325d234e4678bd57126a66a88841cb95bee2caeafdc6f138306", size = 9444543 },
    { url = "https://files.pythonhosted.org/packages/e5/fc/275783f5120970d859ae37d04b6a60c13bdec2aa4294b9dfa8a37b5c2513/libsass-0.23.0-cp38-abi3-win32.whl", hash = "sha256:31e86d92a5c7a551df844b72d83fc2b5e50abc6fbbb31e296f7bebd6489ed1b4", size = 775481 },
    { url = "https://files.pythonhosted.org/packages/ef/20/caf3c7cf2432d85263119798c45221ddf67bdd7dae8f626d14ff8db04040/libsass-0.23.0-cp38-abi3-win_amd64.whl", hash = "sha256:a2ec85d819f353cbe807432d7275d653710d12b08ec7ef61c124a580a8352f3c", size = 872914 },
]

[[package]]
name = "markdown"
version = "3.7"
source = { registry = "https://pypi.org/simple" }
dependencies = [
    { name = "importlib-metadata", marker = "python_full_version < '3.10'" },
]
sdist = { url = "https://files.pythonhosted.org/packages/54/28/3af612670f82f4c056911fbbbb42760255801b3068c48de792d354ff4472/markdown-3.7.tar.gz", hash = "sha256:2ae2471477cfd02dbbf038d5d9bc226d40def84b4fe2986e49b59b6b472bbed2", size = 357086 }
wheels = [
    { url = "https://files.pythonhosted.org/packages/3f/08/83871f3c50fc983b88547c196d11cf8c3340e37c32d2e9d6152abe2c61f7/Markdown-3.7-py3-none-any.whl", hash = "sha256:7eb6df5690b81a1d7942992c97fad2938e956e79df20cbc6186e9c3a77b1c803", size = 106349 },
]

[[package]]
name = "mysqlclient"
version = "2.2.4"
source = { registry = "https://pypi.org/simple" }
sdist = { url = "https://files.pythonhosted.org/packages/79/33/996dc0ba3f03e2399adc91a7de1f61cb14b57ebdb4cc6eca8a78723043cb/mysqlclient-2.2.4.tar.gz", hash = "sha256:33bc9fb3464e7d7c10b1eaf7336c5ff8f2a3d3b88bab432116ad2490beb3bf41", size = 90400 }
wheels = [
    { url = "https://files.pythonhosted.org/packages/cd/55/581ee5ceb37de7a75e5bdf53d8791b915916d9b558f947597a7668ae969c/mysqlclient-2.2.4-cp310-cp310-win_amd64.whl", hash = "sha256:ac44777eab0a66c14cb0d38965572f762e193ec2e5c0723bcd11319cc5b693c5", size = 203187 },
    { url = "https://files.pythonhosted.org/packages/64/0c/338ff73f627db62f2c321bcda61eddb80a384933aa543e3f59821b3c9756/mysqlclient-2.2.4-cp311-cp311-win_amd64.whl", hash = "sha256:329e4eec086a2336fe3541f1ce095d87a6f169d1cc8ba7b04ac68bcb234c9711", size = 203187 },
    { url = "https://files.pythonhosted.org/packages/d3/56/1fe1a8aa7ba090576632c16bd43fb0df78747d2f18c54e769015378667fb/mysqlclient-2.2.4-cp312-cp312-win_amd64.whl", hash = "sha256:e1ebe3f41d152d7cb7c265349fdb7f1eca86ccb0ca24a90036cde48e00ceb2ab", size = 203295 },
    { url = "https://files.pythonhosted.org/packages/f8/93/0aaebf801d4cf56df2150b64d9af04f1812d478e57ec4d4b2a5462d6d894/mysqlclient-2.2.4-cp39-cp39-win_amd64.whl", hash = "sha256:9d4c015480c4a6b2b1602eccd9846103fc70606244788d04aa14b31c4bd1f0e2", size = 203256 },
    { url = "https://files.pythonhosted.org/packages/69/fd/12cf8420a7e62098a5312b6f690a6ab377025fa4ba01ed861ed97587a756/mysqlclient-2.2.4-pp310-pypy310_pp73-win_amd64.whl", hash = "sha256:d43987bb9626096a302ca6ddcdd81feaeca65ced1d5fe892a6a66b808326aa54", size = 203218 },
    { url = "https://files.pythonhosted.org/packages/b1/8c/3ca7dd7f6a014367876b51d9bd964c4019fe5fb16fda1df43ef9854467c0/mysqlclient-2.2.4-pp39-pypy39_pp73-win_amd64.whl", hash = "sha256:9d3310295cb682232cadc28abd172f406c718b9ada41d2371259098ae37779d3", size = 203368 },
]

[[package]]
name = "pillow"
version = "10.4.0"
source = { registry = "https://pypi.org/simple" }
sdist = { url = "https://files.pythonhosted.org/packages/cd/74/ad3d526f3bf7b6d3f408b73fde271ec69dfac8b81341a318ce825f2b3812/pillow-10.4.0.tar.gz", hash = "sha256:166c1cd4d24309b30d61f79f4a9114b7b2313d7450912277855ff5dfd7cd4a06", size = 46555059 }
wheels = [
    { url = "https://files.pythonhosted.org/packages/0e/69/a31cccd538ca0b5272be2a38347f8839b97a14be104ea08b0db92f749c74/pillow-10.4.0-cp310-cp310-macosx_10_10_x86_64.whl", hash = "sha256:4d9667937cfa347525b319ae34375c37b9ee6b525440f3ef48542fcf66f2731e", size = 3509271 },
    { url = "https://files.pythonhosted.org/packages/9a/9e/4143b907be8ea0bce215f2ae4f7480027473f8b61fcedfda9d851082a5d2/pillow-10.4.0-cp310-cp310-macosx_11_0_arm64.whl", hash = "sha256:543f3dc61c18dafb755773efc89aae60d06b6596a63914107f75459cf984164d", size = 3375658 },
    { url = "https://files.pythonhosted.org/packages/8a/25/1fc45761955f9359b1169aa75e241551e74ac01a09f487adaaf4c3472d11/pillow-10.4.0-cp310-cp310-manylinux_2_17_aarch64.manylinux2014_aarch64.whl", hash = "sha256:7928ecbf1ece13956b95d9cbcfc77137652b02763ba384d9ab508099a2eca856", size = 4332075 },
    { url = "https://files.pythonhosted.org/packages/5e/dd/425b95d0151e1d6c951f45051112394f130df3da67363b6bc75dc4c27aba/pillow-10.4.0-cp310-cp310-manylinux_2_17_x86_64.manylinux2014_x86_64.whl", hash = "sha256:e4d49b85c4348ea0b31ea63bc75a9f3857869174e2bf17e7aba02945cd218e6f", size = 4444808 },
    { url = "https://files.pythonhosted.org/packages/b1/84/9a15cc5726cbbfe7f9f90bfb11f5d028586595907cd093815ca6644932e3/pillow-10.4.0-cp310-cp310-manylinux_2_28_aarch64.whl", hash = "sha256:6c762a5b0997f5659a5ef2266abc1d8851ad7749ad9a6a5506eb23d314e4f46b", size = 4356290 },
    { url = "https://files.pythonhosted.org/packages/b5/5b/6651c288b08df3b8c1e2f8c1152201e0b25d240e22ddade0f1e242fc9fa0/pillow-10.4.0-cp310-cp310-manylinux_2_28_x86_64.whl", hash = "sha256:a985e028fc183bf12a77a8bbf36318db4238a3ded7fa9df1b9a133f1cb79f8fc", size = 4525163 },
    { url = "https://files.pythonhosted.org/packages/07/8b/34854bf11a83c248505c8cb0fcf8d3d0b459a2246c8809b967963b6b12ae/pillow-10.4.0-cp310-cp310-musllinux_1_2_aarch64.whl", hash = "sha256:812f7342b0eee081eaec84d91423d1b4650bb9828eb53d8511bcef8ce5aecf1e", size = 4463100 },
    { url = "https://files.pythonhosted.org/packages/78/63/0632aee4e82476d9cbe5200c0cdf9ba41ee04ed77887432845264d81116d/pillow-10.4.0-cp310-cp310-musllinux_1_2_x86_64.whl", hash = "sha256:ac1452d2fbe4978c2eec89fb5a23b8387aba707ac72810d9490118817d9c0b46", size = 4592880 },
    { url = "https://files.pythonhosted.org/packages/df/56/b8663d7520671b4398b9d97e1ed9f583d4afcbefbda3c6188325e8c297bd/pillow-10.4.0-cp310-cp310-win32.whl", hash = "sha256:bcd5e41a859bf2e84fdc42f4edb7d9aba0a13d29a2abadccafad99de3feff984", size = 2235218 },
    { url = "https://files.pythonhosted.org/packages/f4/72/0203e94a91ddb4a9d5238434ae6c1ca10e610e8487036132ea9bf806ca2a/pillow-10.4.0-cp310-cp310-win_amd64.whl", hash = "sha256:ecd85a8d3e79cd7158dec1c9e5808e821feea088e2f69a974db5edf84dc53141", size = 2554487 },
    { url = "https://files.pythonhosted.org/packages/bd/52/7e7e93d7a6e4290543f17dc6f7d3af4bd0b3dd9926e2e8a35ac2282bc5f4/pillow-10.4.0-cp310-cp310-win_arm64.whl", hash = "sha256:ff337c552345e95702c5fde3158acb0625111017d0e5f24bf3acdb9cc16b90d1", size = 2243219 },
    { url = "https://files.pythonhosted.org/packages/a7/62/c9449f9c3043c37f73e7487ec4ef0c03eb9c9afc91a92b977a67b3c0bbc5/pillow-10.4.0-cp311-cp311-macosx_10_10_x86_64.whl", hash = "sha256:0a9ec697746f268507404647e531e92889890a087e03681a3606d9b920fbee3c", size = 3509265 },
    { url = "https://files.pythonhosted.org/packages/f4/5f/491dafc7bbf5a3cc1845dc0430872e8096eb9e2b6f8161509d124594ec2d/pillow-10.4.0-cp311-cp311-macosx_11_0_arm64.whl", hash = "sha256:dfe91cb65544a1321e631e696759491ae04a2ea11d36715eca01ce07284738be", size = 3375655 },
    { url = "https://files.pythonhosted.org/packages/73/d5/c4011a76f4207a3c151134cd22a1415741e42fa5ddecec7c0182887deb3d/pillow-10.4.0-cp311-cp311-manylinux_2_17_aarch64.manylinux2014_aarch64.whl", hash = "sha256:5dc6761a6efc781e6a1544206f22c80c3af4c8cf461206d46a1e6006e4429ff3", size = 4340304 },
    { url = "https://files.pythonhosted.org/packages/ac/10/c67e20445a707f7a610699bba4fe050583b688d8cd2d202572b257f46600/pillow-10.4.0-cp311-cp311-manylinux_2_17_x86_64.manylinux2014_x86_64.whl", hash = "sha256:5e84b6cc6a4a3d76c153a6b19270b3526a5a8ed6b09501d3af891daa2a9de7d6", size = 4452804 },
    { url = "https://files.pythonhosted.org/packages/a9/83/6523837906d1da2b269dee787e31df3b0acb12e3d08f024965a3e7f64665/pillow-10.4.0-cp311-cp311-manylinux_2_28_aarch64.whl", hash = "sha256:bbc527b519bd3aa9d7f429d152fea69f9ad37c95f0b02aebddff592688998abe", size = 4365126 },
    { url = "https://files.pythonhosted.org/packages/ba/e5/8c68ff608a4203085158cff5cc2a3c534ec384536d9438c405ed6370d080/pillow-10.4.0-cp311-cp311-manylinux_2_28_x86_64.whl", hash = "sha256:76a911dfe51a36041f2e756b00f96ed84677cdeb75d25c767f296c1c1eda1319", size = 4533541 },
    { url = "https://files.pythonhosted.org/packages/f4/7c/01b8dbdca5bc6785573f4cee96e2358b0918b7b2c7b60d8b6f3abf87a070/pillow-10.4.0-cp311-cp311-musllinux_1_2_aarch64.whl", hash = "sha256:59291fb29317122398786c2d44427bbd1a6d7ff54017075b22be9d21aa59bd8d", size = 4471616 },
    { url = "https://files.pythonhosted.org/packages/c8/57/2899b82394a35a0fbfd352e290945440e3b3785655a03365c0ca8279f351/pillow-10.4.0-cp311-cp311-musllinux_1_2_x86_64.whl", hash = "sha256:416d3a5d0e8cfe4f27f574362435bc9bae57f679a7158e0096ad2beb427b8696", size = 4600802 },
    { url = "https://files.pythonhosted.org/packages/4d/d7/a44f193d4c26e58ee5d2d9db3d4854b2cfb5b5e08d360a5e03fe987c0086/pillow-10.4.0-cp311-cp311-win32.whl", hash = "sha256:7086cc1d5eebb91ad24ded9f58bec6c688e9f0ed7eb3dbbf1e4800280a896496", size = 2235213 },
    { url = "https://files.pythonhosted.org/packages/c1/d0/5866318eec2b801cdb8c82abf190c8343d8a1cd8bf5a0c17444a6f268291/pillow-10.4.0-cp311-cp311-win_amd64.whl", hash = "sha256:cbed61494057c0f83b83eb3a310f0bf774b09513307c434d4366ed64f4128a91", size = 2554498 },
    { url = "https://files.pythonhosted.org/packages/d4/c8/310ac16ac2b97e902d9eb438688de0d961660a87703ad1561fd3dfbd2aa0/pillow-10.4.0-cp311-cp311-win_arm64.whl", hash = "sha256:f5f0c3e969c8f12dd2bb7e0b15d5c468b51e5017e01e2e867335c81903046a22", size = 2243219 },
    { url = "https://files.pythonhosted.org/packages/05/cb/0353013dc30c02a8be34eb91d25e4e4cf594b59e5a55ea1128fde1e5f8ea/pillow-10.4.0-cp312-cp312-macosx_10_10_x86_64.whl", hash = "sha256:673655af3eadf4df6b5457033f086e90299fdd7a47983a13827acf7459c15d94", size = 3509350 },
    { url = "https://files.pythonhosted.org/packages/e7/cf/5c558a0f247e0bf9cec92bff9b46ae6474dd736f6d906315e60e4075f737/pillow-10.4.0-cp312-cp312-macosx_11_0_arm64.whl", hash = "sha256:866b6942a92f56300012f5fbac71f2d610312ee65e22f1aa2609e491284e5597", size = 3374980 },
    { url = "https://files.pythonhosted.org/packages/84/48/6e394b86369a4eb68b8a1382c78dc092245af517385c086c5094e3b34428/pillow-10.4.0-cp312-cp312-manylinux_2_17_aarch64.manylinux2014_aarch64.whl", hash = "sha256:29dbdc4207642ea6aad70fbde1a9338753d33fb23ed6956e706936706f52dd80", size = 4343799 },
    { url = "https://files.pythonhosted.org/packages/3b/f3/a8c6c11fa84b59b9df0cd5694492da8c039a24cd159f0f6918690105c3be/pillow-10.4.0-cp312-cp312-manylinux_2_17_x86_64.manylinux2014_x86_64.whl", hash = "sha256:bf2342ac639c4cf38799a44950bbc2dfcb685f052b9e262f446482afaf4bffca", size = 4459973 },
    { url = "https://files.pythonhosted.org/packages/7d/1b/c14b4197b80150fb64453585247e6fb2e1d93761fa0fa9cf63b102fde822/pillow-10.4.0-cp312-cp312-manylinux_2_28_aarch64.whl", hash = "sha256:f5b92f4d70791b4a67157321c4e8225d60b119c5cc9aee8ecf153aace4aad4ef", size = 4370054 },
    { url = "https://files.pythonhosted.org/packages/55/77/40daddf677897a923d5d33329acd52a2144d54a9644f2a5422c028c6bf2d/pillow-10.4.0-cp312-cp312-manylinux_2_28_x86_64.whl", hash = "sha256:86dcb5a1eb778d8b25659d5e4341269e8590ad6b4e8b44d9f4b07f8d136c414a", size = 4539484 },
    { url = "https://files.pythonhosted.org/packages/40/54/90de3e4256b1207300fb2b1d7168dd912a2fb4b2401e439ba23c2b2cabde/pillow-10.4.0-cp312-cp312-musllinux_1_2_aarch64.whl", hash = "sha256:780c072c2e11c9b2c7ca37f9a2ee8ba66f44367ac3e5c7832afcfe5104fd6d1b", size = 4477375 },
    { url = "https://files.pythonhosted.org/packages/13/24/1bfba52f44193860918ff7c93d03d95e3f8748ca1de3ceaf11157a14cf16/pillow-10.4.0-cp312-cp312-musllinux_1_2_x86_64.whl", hash = "sha256:37fb69d905be665f68f28a8bba3c6d3223c8efe1edf14cc4cfa06c241f8c81d9", size = 4608773 },
    { url = "https://files.pythonhosted.org/packages/55/04/5e6de6e6120451ec0c24516c41dbaf80cce1b6451f96561235ef2429da2e/pillow-10.4.0-cp312-cp312-win32.whl", hash = "sha256:7dfecdbad5c301d7b5bde160150b4db4c659cee2b69589705b6f8a0c509d9f42", size = 2235690 },
    { url = "https://files.pythonhosted.org/packages/74/0a/d4ce3c44bca8635bd29a2eab5aa181b654a734a29b263ca8efe013beea98/pillow-10.4.0-cp312-cp312-win_amd64.whl", hash = "sha256:1d846aea995ad352d4bdcc847535bd56e0fd88d36829d2c90be880ef1ee4668a", size = 2554951 },
    { url = "https://files.pythonhosted.org/packages/b5/ca/184349ee40f2e92439be9b3502ae6cfc43ac4b50bc4fc6b3de7957563894/pillow-10.4.0-cp312-cp312-win_arm64.whl", hash = "sha256:e553cad5179a66ba15bb18b353a19020e73a7921296a7979c4a2b7f6a5cd57f9", size = 2243427 },
    { url = "https://files.pythonhosted.org/packages/c3/00/706cebe7c2c12a6318aabe5d354836f54adff7156fd9e1bd6c89f4ba0e98/pillow-10.4.0-cp313-cp313-macosx_10_13_x86_64.whl", hash = "sha256:8bc1a764ed8c957a2e9cacf97c8b2b053b70307cf2996aafd70e91a082e70df3", size = 3525685 },
    { url = "https://files.pythonhosted.org/packages/cf/76/f658cbfa49405e5ecbfb9ba42d07074ad9792031267e782d409fd8fe7c69/pillow-10.4.0-cp313-cp313-macosx_11_0_arm64.whl", hash = "sha256:6209bb41dc692ddfee4942517c19ee81b86c864b626dbfca272ec0f7cff5d9fb", size = 3374883 },
    { url = "https://files.pythonhosted.org/packages/46/2b/99c28c4379a85e65378211971c0b430d9c7234b1ec4d59b2668f6299e011/pillow-10.4.0-cp313-cp313-manylinux_2_17_aarch64.manylinux2014_aarch64.whl", hash = "sha256:bee197b30783295d2eb680b311af15a20a8b24024a19c3a26431ff83eb8d1f70", size = 4339837 },
    { url = "https://files.pythonhosted.org/packages/f1/74/b1ec314f624c0c43711fdf0d8076f82d9d802afd58f1d62c2a86878e8615/pillow-10.4.0-cp313-cp313-manylinux_2_17_x86_64.manylinux2014_x86_64.whl", hash = "sha256:1ef61f5dd14c300786318482456481463b9d6b91ebe5ef12f405afbba77ed0be", size = 4455562 },
    { url = "https://files.pythonhosted.org/packages/4a/2a/4b04157cb7b9c74372fa867096a1607e6fedad93a44deeff553ccd307868/pillow-10.4.0-cp313-cp313-manylinux_2_28_aarch64.whl", hash = "sha256:297e388da6e248c98bc4a02e018966af0c5f92dfacf5a5ca22fa01cb3179bca0", size = 4366761 },
    { url = "https://files.pythonhosted.org/packages/ac/7b/8f1d815c1a6a268fe90481232c98dd0e5fa8c75e341a75f060037bd5ceae/pillow-10.4.0-cp313-cp313-manylinux_2_28_x86_64.whl", hash = "sha256:e4db64794ccdf6cb83a59d73405f63adbe2a1887012e308828596100a0b2f6cc", size = 4536767 },
    { url = "https://files.pythonhosted.org/packages/e5/77/05fa64d1f45d12c22c314e7b97398ffb28ef2813a485465017b7978b3ce7/pillow-10.4.0-cp313-cp313-musllinux_1_2_aarch64.whl", hash = "sha256:bd2880a07482090a3bcb01f4265f1936a903d70bc740bfcb1fd4e8a2ffe5cf5a", size = 4477989 },
    { url = "https://files.pythonhosted.org/packages/12/63/b0397cfc2caae05c3fb2f4ed1b4fc4fc878f0243510a7a6034ca59726494/pillow-10.4.0-cp313-cp313-musllinux_1_2_x86_64.whl", hash = "sha256:4b35b21b819ac1dbd1233317adeecd63495f6babf21b7b2512d244ff6c6ce309", size = 4610255 },
    { url = "https://files.pythonhosted.org/packages/7b/f9/cfaa5082ca9bc4a6de66ffe1c12c2d90bf09c309a5f52b27759a596900e7/pillow-10.4.0-cp313-cp313-win32.whl", hash = "sha256:551d3fd6e9dc15e4c1eb6fc4ba2b39c0c7933fa113b220057a34f4bb3268a060", size = 2235603 },
    { url = "https://files.pythonhosted.org/packages/01/6a/30ff0eef6e0c0e71e55ded56a38d4859bf9d3634a94a88743897b5f96936/pillow-10.4.0-cp313-cp313-win_amd64.whl", hash = "sha256:030abdbe43ee02e0de642aee345efa443740aa4d828bfe8e2eb11922ea6a21ea", size = 2554972 },
    { url = "https://files.pythonhosted.org/packages/48/2c/2e0a52890f269435eee38b21c8218e102c621fe8d8df8b9dd06fabf879ba/pillow-10.4.0-cp313-cp313-win_arm64.whl", hash = "sha256:5b001114dd152cfd6b23befeb28d7aee43553e2402c9f159807bf55f33af8a8d", size = 2243375 },
    { url = "https://files.pythonhosted.org/packages/31/85/955fa5400fa8039921f630372cfe5056eed6e1b8e0430ee4507d7de48832/pillow-10.4.0-cp39-cp39-macosx_10_10_x86_64.whl", hash = "sha256:0ae24a547e8b711ccaaf99c9ae3cd975470e1a30caa80a6aaee9a2f19c05701d", size = 3509283 },
    { url = "https://files.pythonhosted.org/packages/23/9c/343827267eb28d41cd82b4180d33b10d868af9077abcec0af9793aa77d2d/pillow-10.4.0-cp39-cp39-macosx_11_0_arm64.whl", hash = "sha256:298478fe4f77a4408895605f3482b6cc6222c018b2ce565c2b6b9c354ac3229b", size = 3375691 },
    { url = "https://files.pythonhosted.org/packages/60/a3/7ebbeabcd341eab722896d1a5b59a3df98c4b4d26cf4b0385f8aa94296f7/pillow-10.4.0-cp39-cp39-manylinux_2_17_aarch64.manylinux2014_aarch64.whl", hash = "sha256:134ace6dc392116566980ee7436477d844520a26a4b1bd4053f6f47d096997fd", size = 4328295 },
    { url = "https://files.pythonhosted.org/packages/32/3f/c02268d0c6fb6b3958bdda673c17b315c821d97df29ae6969f20fb49388a/pillow-10.4.0-cp39-cp39-manylinux_2_17_x86_64.manylinux2014_x86_64.whl", hash = "sha256:930044bb7679ab003b14023138b50181899da3f25de50e9dbee23b61b4de2126", size = 4440810 },
    { url = "https://files.pythonhosted.org/packages/67/5d/1c93c8cc35f2fdd3d6cc7e4ad72d203902859a2867de6ad957d9b708eb8d/pillow-10.4.0-cp39-cp39-manylinux_2_28_aarch64.whl", hash = "sha256:c76e5786951e72ed3686e122d14c5d7012f16c8303a674d18cdcd6d89557fc5b", size = 4352283 },
    { url = "https://files.pythonhosted.org/packages/bc/a8/8655557c9c7202b8abbd001f61ff36711cefaf750debcaa1c24d154ef602/pillow-10.4.0-cp39-cp39-manylinux_2_28_x86_64.whl", hash = "sha256:b2724fdb354a868ddf9a880cb84d102da914e99119211ef7ecbdc613b8c96b3c", size = 4521800 },
    { url = "https://files.pythonhosted.org/packages/58/78/6f95797af64d137124f68af1bdaa13b5332da282b86031f6fa70cf368261/pillow-10.4.0-cp39-cp39-musllinux_1_2_aarch64.whl", hash = "sha256:dbc6ae66518ab3c5847659e9988c3b60dc94ffb48ef9168656e0019a93dbf8a1", size = 4459177 },
    { url = "https://files.pythonhosted.org/packages/8a/6d/2b3ce34f1c4266d79a78c9a51d1289a33c3c02833fe294ef0dcbb9cba4ed/pillow-10.4.0-cp39-cp39-musllinux_1_2_x86_64.whl", hash = "sha256:06b2f7898047ae93fad74467ec3d28fe84f7831370e3c258afa533f81ef7f3df", size = 4589079 },
    { url = "https://files.pythonhosted.org/packages/e3/e0/456258c74da1ff5bf8ef1eab06a95ca994d8b9ed44c01d45c3f8cbd1db7e/pillow-10.4.0-cp39-cp39-win32.whl", hash = "sha256:7970285ab628a3779aecc35823296a7869f889b8329c16ad5a71e4901a3dc4ef", size = 2235247 },
    { url = "https://files.pythonhosted.org/packages/37/f8/bef952bdb32aa53741f58bf21798642209e994edc3f6598f337f23d5400a/pillow-10.4.0-cp39-cp39-win_amd64.whl", hash = "sha256:961a7293b2457b405967af9c77dcaa43cc1a8cd50d23c532e62d48ab6cdd56f5", size = 2554479 },
    { url = "https://files.pythonhosted.org/packages/bb/8e/805201619cad6651eef5fc1fdef913804baf00053461522fabbc5588ea12/pillow-10.4.0-cp39-cp39-win_arm64.whl", hash = "sha256:32cda9e3d601a52baccb2856b8ea1fc213c90b340c542dcef77140dfa3278a9e", size = 2243226 },
    { url = "https://files.pythonhosted.org/packages/38/30/095d4f55f3a053392f75e2eae45eba3228452783bab3d9a920b951ac495c/pillow-10.4.0-pp310-pypy310_pp73-macosx_10_15_x86_64.whl", hash = "sha256:5b4815f2e65b30f5fbae9dfffa8636d992d49705723fe86a3661806e069352d4", size = 3493889 },
    { url = "https://files.pythonhosted.org/packages/f3/e8/4ff79788803a5fcd5dc35efdc9386af153569853767bff74540725b45863/pillow-10.4.0-pp310-pypy310_pp73-macosx_11_0_arm64.whl", hash = "sha256:8f0aef4ef59694b12cadee839e2ba6afeab89c0f39a3adc02ed51d109117b8da", size = 3346160 },
    { url = "https://files.pythonhosted.org/packages/d7/ac/4184edd511b14f760c73f5bb8a5d6fd85c591c8aff7c2229677a355c4179/pillow-10.4.0-pp310-pypy310_pp73-manylinux_2_17_aarch64.manylinux2014_aarch64.whl", hash = "sha256:9f4727572e2918acaa9077c919cbbeb73bd2b3ebcfe033b72f858fc9fbef0026", size = 3435020 },
    { url = "https://files.pythonhosted.org/packages/da/21/1749cd09160149c0a246a81d646e05f35041619ce76f6493d6a96e8d1103/pillow-10.4.0-pp310-pypy310_pp73-manylinux_2_17_x86_64.manylinux2014_x86_64.whl", hash = "sha256:ff25afb18123cea58a591ea0244b92eb1e61a1fd497bf6d6384f09bc3262ec3e", size = 3490539 },
    { url = "https://files.pythonhosted.org/packages/b6/f5/f71fe1888b96083b3f6dfa0709101f61fc9e972c0c8d04e9d93ccef2a045/pillow-10.4.0-pp310-pypy310_pp73-manylinux_2_28_aarch64.whl", hash = "sha256:dc3e2db6ba09ffd7d02ae9141cfa0ae23393ee7687248d46a7507b75d610f4f5", size = 3476125 },
    { url = "https://files.pythonhosted.org/packages/96/b9/c0362c54290a31866c3526848583a2f45a535aa9d725fd31e25d318c805f/pillow-10.4.0-pp310-pypy310_pp73-manylinux_2_28_x86_64.whl", hash = "sha256:02a2be69f9c9b8c1e97cf2713e789d4e398c751ecfd9967c18d0ce304efbf885", size = 3579373 },
    { url = "https://files.pythonhosted.org/packages/52/3b/ce7a01026a7cf46e5452afa86f97a5e88ca97f562cafa76570178ab56d8d/pillow-10.4.0-pp310-pypy310_pp73-win_amd64.whl", hash = "sha256:0755ffd4a0c6f267cccbae2e9903d95477ca2f77c4fcf3a3a09570001856c8a5", size = 2554661 },
    { url = "https://files.pythonhosted.org/packages/e1/1f/5a9fcd6ced51633c22481417e11b1b47d723f64fb536dfd67c015eb7f0ab/pillow-10.4.0-pp39-pypy39_pp73-macosx_10_15_x86_64.whl", hash = "sha256:a02364621fe369e06200d4a16558e056fe2805d3468350df3aef21e00d26214b", size = 3493850 },
    { url = "https://files.pythonhosted.org/packages/cb/e6/3ea4755ed5320cb62aa6be2f6de47b058c6550f752dd050e86f694c59798/pillow-10.4.0-pp39-pypy39_pp73-macosx_11_0_arm64.whl", hash = "sha256:1b5dea9831a90e9d0721ec417a80d4cbd7022093ac38a568db2dd78363b00908", size = 3346118 },
    { url = "https://files.pythonhosted.org/packages/0a/22/492f9f61e4648422b6ca39268ec8139277a5b34648d28f400faac14e0f48/pillow-10.4.0-pp39-pypy39_pp73-manylinux_2_17_aarch64.manylinux2014_aarch64.whl", hash = "sha256:9b885f89040bb8c4a1573566bbb2f44f5c505ef6e74cec7ab9068c900047f04b", size = 3434958 },
    { url = "https://files.pythonhosted.org/packages/f9/19/559a48ad4045704bb0547965b9a9345f5cd461347d977a56d178db28819e/pillow-10.4.0-pp39-pypy39_pp73-manylinux_2_17_x86_64.manylinux2014_x86_64.whl", hash = "sha256:87dd88ded2e6d74d31e1e0a99a726a6765cda32d00ba72dc37f0651f306daaa8", size = 3490340 },
    { url = "https://files.pythonhosted.org/packages/d9/de/cebaca6fb79905b3a1aa0281d238769df3fb2ede34fd7c0caa286575915a/pillow-10.4.0-pp39-pypy39_pp73-manylinux_2_28_aarch64.whl", hash = "sha256:2db98790afc70118bd0255c2eeb465e9767ecf1f3c25f9a1abb8ffc8cfd1fe0a", size = 3476048 },
    { url = "https://files.pythonhosted.org/packages/71/f0/86d5b2f04693b0116a01d75302b0a307800a90d6c351a8aa4f8ae76cd499/pillow-10.4.0-pp39-pypy39_pp73-manylinux_2_28_x86_64.whl", hash = "sha256:f7baece4ce06bade126fb84b8af1c33439a76d8a6fd818970215e0560ca28c27", size = 3579366 },
    { url = "https://files.pythonhosted.org/packages/37/ae/2dbfc38cc4fd14aceea14bc440d5151b21f64c4c3ba3f6f4191610b7ee5d/pillow-10.4.0-pp39-pypy39_pp73-win_amd64.whl", hash = "sha256:cfdd747216947628af7b259d274771d84db2268ca062dd5faf373639d00113a3", size = 2554652 },
]

[[package]]
name = "rcssmin"
version = "1.1.2"
source = { registry = "https://pypi.org/simple" }
sdist = { url = "https://files.pythonhosted.org/packages/ef/26/f38d49c21d933e3e4320ed31c6025c381dbd973e9936edd0af52ce521534/rcssmin-1.1.2.tar.gz", hash = "sha256:bc75eb75bd6d345c0c51fd80fc487ddd6f9fd409dd7861b3fe98dee85018e1e9", size = 582213 }
wheels = [
    { url = "https://files.pythonhosted.org/packages/12/03/84ca0896978ca07e94067fc7bd137c97382012dbb7b5e0225b8f15f4f3a9/rcssmin-1.1.2-cp310-cp310-manylinux1_i686.whl", hash = "sha256:d40964dc7fbd74be30b1ef5543bb75c479a53d53362ecccba3f1a5de6453faca", size = 49806 },
    { url = "https://files.pythonhosted.org/packages/36/4a/ac1b06c5b48ab13f2e4ee444a2227b4a32464fb7677ff4572f0eb91fb4eb/rcssmin-1.1.2-cp310-cp310-manylinux1_x86_64.whl", hash = "sha256:c9a55657a3d11c5901259b14f941ed7eec118cd5a4416535102eda491de6753f", size = 49808 },
    { url = "https://files.pythonhosted.org/packages/e1/e5/4f4bfbb2fa1845508b752b313c9167b17862f94cca18644f737aa8a0dd8f/rcssmin-1.1.2-cp310-cp310-manylinux2014_aarch64.whl", hash = "sha256:065b7f85902c87011951b1d084fa694099d70feb6bef1c3e89456a1a0668c73b", size = 48060 },
    { url = "https://files.pythonhosted.org/packages/50/ea/f78194552dc86682e8b9b5b090d865ebb58d9f2b3e5f03454c3d0171fa5c/rcssmin-1.1.2-cp310-cp310-musllinux_1_1_aarch64.whl", hash = "sha256:b37db48eacf5b8ad09ee14eb25db8cc7176ce2339c1028499547858c152a936a", size = 50948 },
    { url = "https://files.pythonhosted.org/packages/b7/f5/915e9efd812bd3761a0246c594c54e070d830d18e6d189e23da84f9ba998/rcssmin-1.1.2-cp310-cp310-musllinux_1_1_i686.whl", hash = "sha256:f1468ccbfe16a2b4cff5bc0d330488bb496f71b542d26bd2005b2ab05a295752", size = 51021 },
    { url = "https://files.pythonhosted.org/packages/1e/0c/8b88bb7fa843eb944fc3254e6a8ee09add2ba3eb8f1ce4d27a3081b48242/rcssmin-1.1.2-cp310-cp310-musllinux_1_1_x86_64.whl", hash = "sha256:b3577e4955b89324cd8214ae8e9c2ce452197ea2f789527538cf41e662930495", size = 50684 },
    { url = "https://files.pythonhosted.org/packages/09/bc/8e7ede4db5f2436d36b42f5066250d472d9fd4826035c96c72648d24f3d8/rcssmin-1.1.2-cp311-cp311-manylinux1_i686.whl", hash = "sha256:83dd2c3f7b70fae9c97bab99fd7a709dc852f0bc3e7482f8cfb378e0c5f1aed8", size = 48458 },
    { url = "https://files.pythonhosted.org/packages/48/dd/3bca47558b1a4bb2e8b9fa8671d4b52a8d5fcdf355f2d94a5faf75ecc2ed/rcssmin-1.1.2-cp311-cp311-manylinux1_x86_64.whl", hash = "sha256:2219d704f27006ecd17ef4b5744cac5f68a276be0889b114130660fb798f3583", size = 48222 },
    { url = "https://files.pythonhosted.org/packages/80/14/42ea54b799d763ae9615c09e3a0f928c7d0d792bf34d1a829317e002c5e3/rcssmin-1.1.2-cp311-cp311-manylinux2014_aarch64.whl", hash = "sha256:a5e758c8db03a57fef847542bf14d96da75913cc0e2495540c018943c1f2d142", size = 49661 },
    { url = "https://files.pythonhosted.org/packages/41/4d/c06b9a06b4d0487c5f432151d5a8238f168bbe85d2f9769ad2d1b814eeb7/rcssmin-1.1.2-cp311-cp311-musllinux_1_1_aarch64.whl", hash = "sha256:a0e353ecbfde3dba0a6579a674fc1dcdc1ff7e47ceff3b29beb6e235b53a981c", size = 52630 },
    { url = "https://files.pythonhosted.org/packages/ca/97/7175e662e239ae22f875fc210581387c56cf787e606d506005d00b2a6746/rcssmin-1.1.2-cp311-cp311-musllinux_1_1_i686.whl", hash = "sha256:140d1c0ba21fb8c3a2bafae164540a6816e8ec3492bea6ace0c52eebd2cf303f", size = 52667 },
    { url = "https://files.pythonhosted.org/packages/da/73/8257fb701f57203d22cce6dc99a69f53a4538f3a4bd89c590d74704ea58f/rcssmin-1.1.2-cp311-cp311-musllinux_1_1_x86_64.whl", hash = "sha256:ef0d472d8f6b8271fef3e388f98085a257703a635556a3ea77287616ab594ea9", size = 52380 },
    { url = "https://files.pythonhosted.org/packages/60/c1/1a3d908b0dad85a4be0445b25f47d4cd8e570b7f45bdc4885b58374d1b08/rcssmin-1.1.2-cp312-cp312-manylinux1_i686.whl", hash = "sha256:e58a54e63f79c996284240ec2dfb2992e8b90ad8941b1c70997e256b65940de7", size = 48760 },
    { url = "https://files.pythonhosted.org/packages/57/86/e7b0c5f295a6f031fa852380f70d5c6c1108a2d32d26a3f34a2d459a5dd4/rcssmin-1.1.2-cp312-cp312-manylinux1_x86_64.whl", hash = "sha256:657324bfb76fa9e97badabe26af97a1622446f33c9073dd0510c7c7e8c7b96da", size = 48245 },
    { url = "https://files.pythonhosted.org/packages/b1/1c/01b43a05c2fe9c35e0a5651d034983039e0b7c26fb28c2acb8ce61c1122b/rcssmin-1.1.2-cp312-cp312-manylinux2014_aarch64.whl", hash = "sha256:fdffd58868a752cac0400249ce21bddf55e00d3206f8885d4a3aca1dab487070", size = 49482 },
    { url = "https://files.pythonhosted.org/packages/f8/4e/2b91a9feb217bb46fcde96c3b343c3f5fbb43e185f753cb72d9440c01a66/rcssmin-1.1.2-cp312-cp312-musllinux_1_1_aarch64.whl", hash = "sha256:82aad2c3526055956fba537ab067ad937b3f57a1bd13c89bf691fced9c24c89d", size = 52759 },
    { url = "https://files.pythonhosted.org/packages/07/da/aa85eabdb00e8378cdcf10932514b70b36dcedc1e8f3e32c666de71f7e3c/rcssmin-1.1.2-cp312-cp312-musllinux_1_1_i686.whl", hash = "sha256:3a860a1f4304e9813900f70fe6b1d429aff73a6fa30ef07f345f68d0a4e33abc", size = 52331 },
    { url = "https://files.pythonhosted.org/packages/a2/52/688322874b2836ac6bf5bd194b8b951655a33470cf9572462acdabefee60/rcssmin-1.1.2-cp312-cp312-musllinux_1_1_x86_64.whl", hash = "sha256:0451a2c7e7c1ff893ecb7820de862f2ea6336cc69d473ecb0206212e49c817fc", size = 52035 },
    { url = "https://files.pythonhosted.org/packages/ae/c1/c103ca7e11d9945c2b353ae743bf5c6fa3d7bbef6f2a166c1ea134268884/rcssmin-1.1.2-cp39-cp39-manylinux1_i686.whl", hash = "sha256:19e48f7f66a3fa329215a02b3a952737b0b12f9976cd79ff2c236f96960d71d1", size = 42092 },
    { url = "https://files.pythonhosted.org/packages/71/59/b878c0d043cc4c003c480274933e79669e04e2bcca536cc41ffc70cf6faa/rcssmin-1.1.2-cp39-cp39-manylinux1_x86_64.whl", hash = "sha256:e3ad642a1bfcbbddc3c36ad4c5676ef53267dd7c193c746a2f6670fe5bd03a60", size = 41910 },
    { url = "https://files.pythonhosted.org/packages/3d/89/7f075c263dabba459a70390c68f98afa9155a0ca34e78c5be115fb46738b/rcssmin-1.1.2-cp39-cp39-manylinux2014_aarch64.whl", hash = "sha256:20f8592341960b031967f7ada165e6c8077dfc01eb4092fb970a5a4e64506695", size = 47777 },
    { url = "https://files.pythonhosted.org/packages/ed/28/51591b667d0c62cb220c7a3587ebc5e0b8a63f040b4e7b52d530307fbecb/rcssmin-1.1.2-cp39-cp39-musllinux_1_1_aarch64.whl", hash = "sha256:1c1d9a24132f4c48d080a59c20fce99a4fd9c393eb63f9779f2497ae28992de1", size = 50585 },
    { url = "https://files.pythonhosted.org/packages/b5/0a/031f7fb7cdbecc85745d698eb1c2649d750da458913038e61def2bc33933/rcssmin-1.1.2-cp39-cp39-musllinux_1_1_i686.whl", hash = "sha256:50576521c1e08e8f137225b8a6e8ae88e867f53dfd82c537616591c67f112aad", size = 51695 },
    { url = "https://files.pythonhosted.org/packages/5a/7d/11031c1a4f2d0dc4cd758c6a8bfe63697923cf32105718bfac644d7d6133/rcssmin-1.1.2-cp39-cp39-musllinux_1_1_x86_64.whl", hash = "sha256:f363c9d242e1afce4fafbbf6bed52452464b19199e66075bed606764f31ca329", size = 50470 },
]

[[package]]
name = "rjsmin"
version = "1.2.2"
source = { registry = "https://pypi.org/simple" }
sdist = { url = "https://files.pythonhosted.org/packages/f0/1c/c0355e8b8b8aca9c0d43519d2a7c473940deae0297ff8544eff359d7f715/rjsmin-1.2.2.tar.gz", hash = "sha256:8c1bcd821143fecf23242012b55e13610840a839cd467b358f16359010d62dae", size = 420634 }
wheels = [
    { url = "https://files.pythonhosted.org/packages/9b/4d/9598b6a87450dc8401dd4025f3fb2f29ab246245727b22df1a3547b3afdf/rjsmin-1.2.2-cp310-cp310-manylinux1_i686.whl", hash = "sha256:81f92fb855fb613ebd04a6d6d46483e71fe3c4f22042dc30dcc938fbd748e59c", size = 34909 },
    { url = "https://files.pythonhosted.org/packages/81/a3/d6ec1930ddc8145094c950b7e3c8540b6313e4e4e556d18bfe7ce676f0f7/rjsmin-1.2.2-cp310-cp310-manylinux1_x86_64.whl", hash = "sha256:897db9bf25538047e9388951d532dc291a629b5d041180a8a1a8c102e9d44b90", size = 34930 },
    { url = "https://files.pythonhosted.org/packages/ff/55/5fe2260d8e5b75c9afb0cdd4a706c02e1f24f2ed5d87d4fcfa212157a84d/rjsmin-1.2.2-cp310-cp310-manylinux2014_aarch64.whl", hash = "sha256:5938af8c46734f92f74fdc4d0b6324137c0e09f0a8c3825c83e4cfca1b532e40", size = 30667 },
    { url = "https://files.pythonhosted.org/packages/06/c0/98a7424c39270d1282702338938f51b77c544ab82ae89d431a8befd38a6d/rjsmin-1.2.2-cp310-cp310-musllinux_1_1_aarch64.whl", hash = "sha256:0424a7b9096fa2b0ab577c4dc7acd683e6cfb5c718ad39a9fb293cb6cbaba95b", size = 34319 },
    { url = "https://files.pythonhosted.org/packages/18/f8/ed604b89778bd5166833fd90ad1dcd5fd775be9e23d1c1c177dd677cdd05/rjsmin-1.2.2-cp310-cp310-musllinux_1_1_i686.whl", hash = "sha256:1714ed93c2bd40c5f970905d2eeda4a6844e09087ae11277d4d43b3e68c32a47", size = 34439 },
    { url = "https://files.pythonhosted.org/packages/f9/d7/e3496a95e464eeba919fbd88ce6bb5b10fd8aee0d304d5a8a312cca78c04/rjsmin-1.2.2-cp310-cp310-musllinux_1_1_x86_64.whl", hash = "sha256:35596fa6d2d44a5471715c464657123995da78aa6f79bccfbb4b8d6ff7d0a4b4", size = 34310 },
    { url = "https://files.pythonhosted.org/packages/64/6f/16ba0ca1564bf1c2bfcf89d9e706301b832d2aa5e51785ddc0276affc204/rjsmin-1.2.2-cp311-cp311-manylinux1_i686.whl", hash = "sha256:3968667158948355b9a62e9641497aac7ac069c076a595e93199d0fe3a40217a", size = 31855 },
    { url = "https://files.pythonhosted.org/packages/62/74/c76cecf86dfaf8095b3175f62bdfc89bad4f701c4a7d7a00ddc74c6c3d0a/rjsmin-1.2.2-cp311-cp311-manylinux1_x86_64.whl", hash = "sha256:d07d14354694f6a47f572f2aa2a1ad74b76723e62a0d2b6df796138b71888247", size = 31664 },
    { url = "https://files.pythonhosted.org/packages/3b/4f/42925c4cf71d503093e249df4f0b27a41552facf390be0fbbeafe474a550/rjsmin-1.2.2-cp311-cp311-manylinux2014_aarch64.whl", hash = "sha256:a78dfa6009235b902454ac53264252b7b94f1e43e3a9e97c4cadae88e409b882", size = 32248 },
    { url = "https://files.pythonhosted.org/packages/91/1b/1f0c1bcb7a219ee5649718f783fe8e82cbd7365f2ab5e995f4a29d11fdba/rjsmin-1.2.2-cp311-cp311-musllinux_1_1_aarch64.whl", hash = "sha256:9b7a45001e58243a455d11d2de925cadb8c2a0dc737001de646a0f4d90cf0034", size = 35976 },
    { url = "https://files.pythonhosted.org/packages/1c/19/273e2fa0f226afb8191a54615483fb5b5fd402fd76c8fddd64519463f79c/rjsmin-1.2.2-cp311-cp311-musllinux_1_1_i686.whl", hash = "sha256:86c5e657b74b6c9482bb96f18a79d61750f4e8204759cce179f7eb17d395c683", size = 36113 },
    { url = "https://files.pythonhosted.org/packages/25/f8/0644113a34ea3271ad7a311e37d12a6b47eadc3503b4ccca778ce1112c08/rjsmin-1.2.2-cp311-cp311-musllinux_1_1_x86_64.whl", hash = "sha256:8c2c30b86c7232443a4a726e1bbee34f800556e581e95fc07194ecbf8e02d1d2", size = 36068 },
    { url = "https://files.pythonhosted.org/packages/9d/6e/98a40b90ef47aa92e7a3a2e204213699574f7b2f4f11d9f817037f80d065/rjsmin-1.2.2-cp312-cp312-manylinux1_i686.whl", hash = "sha256:8982c3ef27fac26dd6b7d0c55ae98fa550fee72da2db010b87211e4b5dd78a67", size = 31760 },
    { url = "https://files.pythonhosted.org/packages/d3/61/c71a1843d22378c10cb2bb528efadbf0bc3f3f99c6bd8cadcfa7b03a439b/rjsmin-1.2.2-cp312-cp312-manylinux1_x86_64.whl", hash = "sha256:3fc27ae4ece99e2c994cd79df2f0d3f7ac650249f632d19aa8ce85118e33bf0f", size = 31712 },
    { url = "https://files.pythonhosted.org/packages/50/26/f429489f02f6e2521eb74d0fd629745794cb494b9c248e7f6a38896714e8/rjsmin-1.2.2-cp312-cp312-manylinux2014_aarch64.whl", hash = "sha256:41113d8d6cae7f7406b30143cc49cc045bbb3fadc2f28df398cea30e1daa60b1", size = 32007 },
    { url = "https://files.pythonhosted.org/packages/0e/72/b0d62ca915282e9631f8b68aca91880ba07e6f9afb7522d6d48c52b03f12/rjsmin-1.2.2-cp312-cp312-musllinux_1_1_aarch64.whl", hash = "sha256:3aa09a89b2b7aa2b9251329fe0c3e36c2dc2f10f78b8811e5be92a072596348b", size = 35953 },
    { url = "https://files.pythonhosted.org/packages/cd/18/e5683f7e135dd70511c96a0645528970a882926db36d125cba5ce1fb92d9/rjsmin-1.2.2-cp312-cp312-musllinux_1_1_i686.whl", hash = "sha256:5abb8d1241f4ea97950b872fa97a422ba8413fe02358f64128ff0cf745017f07", size = 36117 },
    { url = "https://files.pythonhosted.org/packages/38/c8/ba3d7388ab12d4927bc00c0854548d2ef02e5490d3594786634922b9ff58/rjsmin-1.2.2-cp312-cp312-musllinux_1_1_x86_64.whl", hash = "sha256:5abc686a9ef7eaf208f9ad1fb5fb949556ecb7cc1fee27290eb7f194e01d97bd", size = 36047 },
    { url = "https://files.pythonhosted.org/packages/52/77/0095fccb29075fc7c33aacf91396aedc9e880efcfbf8012a6828fd5408ac/rjsmin-1.2.2-cp39-cp39-manylinux1_i686.whl", hash = "sha256:e0e009f6f8460901f5144b34ac2948f94af2f9b8c9b5425da705dbc8152c36c2", size = 28711 },
    { url = "https://files.pythonhosted.org/packages/26/26/004d69f3cfed4b4817bba92339e8385195ef8cc86836afc2f4c0b52f0c2f/rjsmin-1.2.2-cp39-cp39-manylinux1_x86_64.whl", hash = "sha256:41e6013cb37a5b3563c19aa35f8e659fa536aa4197a0e3b6a57a381638294a15", size = 28870 },
    { url = "https://files.pythonhosted.org/packages/fa/04/c74c2b59952058a1c1d4e300cc5eb6afd657f49472a56f3b13bb132008f9/rjsmin-1.2.2-cp39-cp39-manylinux2014_aarch64.whl", hash = "sha256:62cbd38c9f5090f0a6378a45c415b4f96ae871216cedab0dfa21965620c0be4c", size = 30221 },
    { url = "https://files.pythonhosted.org/packages/78/3c/5a4aae8e2623837f9d84737e207a6d5513102b18122f5b186ee1ecf9f8d0/rjsmin-1.2.2-cp39-cp39-musllinux_1_1_aarch64.whl", hash = "sha256:2fd5254d36f10a17564b63e8bf9ac579c7b5f211364e11e9753ff5b562843c67", size = 34009 },
    { url = "https://files.pythonhosted.org/packages/fd/17/204bdaedd53bd520d08185e92e7c2c3442cc5026e8912596320b6fd117b4/rjsmin-1.2.2-cp39-cp39-musllinux_1_1_i686.whl", hash = "sha256:6cf0309d001a0d45d731dbaab1afd0c23d135c9e029fe56c935c1798094686fc", size = 34162 },
    { url = "https://files.pythonhosted.org/packages/34/64/14dece5df162cb82a8f8d446ada48a39085a1e0d62b15cbd72bf680aafcb/rjsmin-1.2.2-cp39-cp39-musllinux_1_1_x86_64.whl", hash = "sha256:bfbe333dab8d23f0a71da90e2d8e8b762a739cbd55a6f948b2dfda089b6d5853", size = 34076 },
]

[[package]]
name = "six"
version = "1.16.0"
source = { registry = "https://pypi.org/simple" }
sdist = { url = "https://files.pythonhosted.org/packages/71/39/171f1c67cd00715f190ba0b100d606d440a28c93c7714febeca8b79af85e/six-1.16.0.tar.gz", hash = "sha256:1e61c37477a1626458e36f7b1d82aa5c9b094fa4802892072e49de9c60c4c926", size = 34041 }
wheels = [
    { url = "https://files.pythonhosted.org/packages/d9/5a/e7c31adbe875f2abbb91bd84cf2dc52d792b5a01506781dbcf25c91daf11/six-1.16.0-py2.py3-none-any.whl", hash = "sha256:8abb2f1d86890a2dfb989f9a77cfcfd3e47c2a354b01111771326f8aa26e0254", size = 11053 },
]

[[package]]
name = "sqlparse"
version = "0.5.1"
source = { registry = "https://pypi.org/simple" }
sdist = { url = "https://files.pythonhosted.org/packages/73/82/dfa23ec2cbed08a801deab02fe7c904bfb00765256b155941d789a338c68/sqlparse-0.5.1.tar.gz", hash = "sha256:bb6b4df465655ef332548e24f08e205afc81b9ab86cb1c45657a7ff173a3a00e", size = 84502 }
wheels = [
    { url = "https://files.pythonhosted.org/packages/5d/a5/b2860373aa8de1e626b2bdfdd6df4355f0565b47e51f7d0c54fe70faf8fe/sqlparse-0.5.1-py3-none-any.whl", hash = "sha256:773dcbf9a5ab44a090f3441e2180efe2560220203dc2f8c0b0fa141e18b505e4", size = 44156 },
]

[[package]]
name = "twiox-website"
version = "0.1.0"
source = { virtual = "." }
dependencies = [
    { name = "django" },
    { name = "django-libsass" },
    { name = "django-multiselectfield" },
    { name = "markdown" },
    { name = "mysqlclient" },
    { name = "pillow" },
    { name = "rcssmin" },
    { name = "rjsmin" },
    { name = "six" },
]

[package.metadata]
requires-dist = [
    { name = "django", specifier = ">=4.2.16" },
    { name = "django-libsass", specifier = ">=0.9" },
    { name = "django-multiselectfield", specifier = ">=0.1.13" },
    { name = "markdown", specifier = ">=3.7" },
    { name = "mysqlclient", specifier = ">=2.2.4" },
    { name = "pillow", specifier = ">=10.4.0" },
    { name = "rcssmin", specifier = ">=1.1.2" },
    { name = "rjsmin", specifier = ">=1.2.2" },
    { name = "six", specifier = ">=1.16.0" },
]

[[package]]
name = "typing-extensions"
version = "4.12.2"
source = { registry = "https://pypi.org/simple" }
sdist = { url = "https://files.pythonhosted.org/packages/df/db/f35a00659bc03fec321ba8bce9420de607a1d37f8342eee1863174c69557/typing_extensions-4.12.2.tar.gz", hash = "sha256:1a7ead55c7e559dd4dee8856e3a88b41225abfe1ce8df57b7c13915fe121ffb8", size = 85321 }
wheels = [
    { url = "https://files.pythonhosted.org/packages/26/9f/ad63fc0248c5379346306f8668cda6e2e2e9c95e01216d2b8ffd9ff037d0/typing_extensions-4.12.2-py3-none-any.whl", hash = "sha256:04e5ca0351e0f3f85c6853954072df659d0d13fac324d0072316b67d7794700d", size = 37438 },
]

[[package]]
name = "tzdata"
version = "2024.2"
source = { registry = "https://pypi.org/simple" }
sdist = { url = "https://files.pythonhosted.org/packages/e1/34/943888654477a574a86a98e9896bae89c7aa15078ec29f490fef2f1e5384/tzdata-2024.2.tar.gz", hash = "sha256:7d85cc416e9382e69095b7bdf4afd9e3880418a2413feec7069d533d6b4e31cc", size = 193282 }
wheels = [
    { url = "https://files.pythonhosted.org/packages/a6/ab/7e5f53c3b9d14972843a647d8d7a853969a58aecc7559cb3267302c94774/tzdata-2024.2-py2.py3-none-any.whl", hash = "sha256:a48093786cdcde33cad18c2555e8532f34422074448fbc874186f0abd79565cd", size = 346586 },
]

[[package]]
name = "zipp"
version = "3.20.2"
source = { registry = "https://pypi.org/simple" }
sdist = { url = "https://files.pythonhosted.org/packages/54/bf/5c0000c44ebc80123ecbdddba1f5dcd94a5ada602a9c225d84b5aaa55e86/zipp-3.20.2.tar.gz", hash = "sha256:bc9eb26f4506fda01b81bcde0ca78103b6e62f991b381fec825435c836edbc29", size = 24199 }
wheels = [
    { url = "https://files.pythonhosted.org/packages/62/8b/5ba542fa83c90e09eac972fc9baca7a88e7e7ca4b221a89251954019308b/zipp-3.20.2-py3-none-any.whl", hash = "sha256:a817ac80d6cf4b23bf7f2828b7cabf326f15a001bea8b1f9b49631780ba28350", size = 9200 },
]
